
Microsoft Visual Studio Solution File, Format Version 12.00
# Visual Studio Version 17
VisualStudioVersion = 17.1.32228.430
MinimumVisualStudioVersion = 10.0.40219.1
Project("{FAE04EC0-301F-11D3-BF4B-00C04F79EFBC}") = "Projem", "Projem\Projem.csproj", "{4C8414DD-D575-4947-A897-9903FE60D188}"
EndProject
Global
	GlobalSection(SolutionConfigurationPlatforms) = preSolution
		Debug|Any CPU = Debug|Any CPU
		Release|Any CPU = Release|Any CPU
	EndGlobalSection
	GlobalSection(ProjectConfigurationPlatforms) = postSolution
		{4C8414DD-D575-4947-A897-9903FE60D188}.Debug|Any CPU.ActiveCfg = Debug|Any CPU
		{4C8414DD-D575-4947-A897-9903FE60D188}.Debug|Any CPU.Build.0 = Debug|Any CPU
		{4C8414DD-D575-4947-A897-9903FE60D188}.Release|Any CPU.ActiveCfg = Release|Any CPU
		{4C8414DD-D575-4947-A897-9903FE60D188}.Release|Any CPU.Build.0 = Release|Any CPU
	EndGlobalSection
	GlobalSection(SolutionProperties) = preSolution
		HideSolutionNode = FALSE
	EndGlobalSection
	GlobalSection(ExtensibilityGlobals) = postSolution
		SolutionGuid = {62241DD4-337B-4F0C-B1C1-BB4D90566CF6}
	EndGlobalSection
EndGlobal
